
Microsoft Visual Studio Solution File, Format Version 12.00
# Visual Studio Version 17
VisualStudioVersion = 17.5.002.0
MinimumVisualStudioVersion = 10.0.40219.1
Project("{9A19103F-16F7-4668-BE54-9A1E7A4F7556}") = "JwtAspNet", "JwtAspNet.csproj", "{AC6D9435-4EC4-40BC-9897-865F104F3FC5}"
EndProject
Global
	GlobalSection(SolutionConfigurationPlatforms) = preSolution
		Debug|Any CPU = Debug|Any CPU
		Release|Any CPU = Release|Any CPU
	EndGlobalSection
	GlobalSection(ProjectConfigurationPlatforms) = postSolution
		{AC6D9435-4EC4-40BC-9897-865F104F3FC5}.Debug|Any CPU.ActiveCfg = Debug|Any CPU
		{AC6D9435-4EC4-40BC-9897-865F104F3FC5}.Debug|Any CPU.Build.0 = Debug|Any CPU
		{AC6D9435-4EC4-40BC-9897-865F104F3FC5}.Release|Any CPU.ActiveCfg = Release|Any CPU
		{AC6D9435-4EC4-40BC-9897-865F104F3FC5}.Release|Any CPU.Build.0 = Release|Any CPU
	EndGlobalSection
	GlobalSection(SolutionProperties) = preSolution
		HideSolutionNode = FALSE
	EndGlobalSection
	GlobalSection(ExtensibilityGlobals) = postSolution
		SolutionGuid = {4AF81646-08C4-424A-BF0E-9B061E206052}
	EndGlobalSection
EndGlobal
